
Microsoft Visual Studio Solution File, Format Version 12.00
# Visual Studio Version 16
VisualStudioVersion = 16.0.30717.126
MinimumVisualStudioVersion = 10.0.40219.1
Project("{FAE04EC0-301F-11D3-BF4B-00C04F79EFBC}") = "Proyecto_final", "Proyecto_final.csproj", "{B257E7E2-3472-47F1-9A04-F5B9504A7BA8}"
EndProject
Global
	GlobalSection(SolutionConfigurationPlatforms) = preSolution
		Debug|Any CPU = Debug|Any CPU
		Release|Any CPU = Release|Any CPU
	EndGlobalSection
	GlobalSection(ProjectConfigurationPlatforms) = postSolution
		{B257E7E2-3472-47F1-9A04-F5B9504A7BA8}.Debug|Any CPU.ActiveCfg = Debug|Any CPU
		{B257E7E2-3472-47F1-9A04-F5B9504A7BA8}.Debug|Any CPU.Build.0 = Debug|Any CPU
		{B257E7E2-3472-47F1-9A04-F5B9504A7BA8}.Release|Any CPU.ActiveCfg = Release|Any CPU
		{B257E7E2-3472-47F1-9A04-F5B9504A7BA8}.Release|Any CPU.Build.0 = Release|Any CPU
	EndGlobalSection
	GlobalSection(SolutionProperties) = preSolution
		HideSolutionNode = FALSE
	EndGlobalSection
	GlobalSection(ExtensibilityGlobals) = postSolution
		SolutionGuid = {DA00BA20-E93A-4724-8D06-04CCC47CB980}
	EndGlobalSection
EndGlobal
