
Microsoft Visual Studio Solution File, Format Version 12.00
# Visual Studio Version 16
VisualStudioVersion = 16.0.30611.23
MinimumVisualStudioVersion = 10.0.40219.1
Project("{FAE04EC0-301F-11D3-BF4B-00C04F79EFBC}") = "Pila_con_listas_enlazadas", "Pila_con_listas_enlazadas.csproj", "{680C61AA-A95D-46F9-A540-EFD6E963011F}"
EndProject
Global
	GlobalSection(SolutionConfigurationPlatforms) = preSolution
		Debug|Any CPU = Debug|Any CPU
		Release|Any CPU = Release|Any CPU
	EndGlobalSection
	GlobalSection(ProjectConfigurationPlatforms) = postSolution
		{680C61AA-A95D-46F9-A540-EFD6E963011F}.Debug|Any CPU.ActiveCfg = Debug|Any CPU
		{680C61AA-A95D-46F9-A540-EFD6E963011F}.Debug|Any CPU.Build.0 = Debug|Any CPU
		{680C61AA-A95D-46F9-A540-EFD6E963011F}.Release|Any CPU.ActiveCfg = Release|Any CPU
		{680C61AA-A95D-46F9-A540-EFD6E963011F}.Release|Any CPU.Build.0 = Release|Any CPU
	EndGlobalSection
	GlobalSection(SolutionProperties) = preSolution
		HideSolutionNode = FALSE
	EndGlobalSection
	GlobalSection(ExtensibilityGlobals) = postSolution
		SolutionGuid = {F6440311-F97A-489E-A46A-F9FEF612F289}
	EndGlobalSection
EndGlobal
