
Microsoft Visual Studio Solution File, Format Version 12.00
# Visual Studio Version 16
VisualStudioVersion = 16.0.30611.23
MinimumVisualStudioVersion = 10.0.40219.1
Project("{FAE04EC0-301F-11D3-BF4B-00C04F79EFBC}") = "Cola_con_listas_enlazadas", "Cola_con_listas_enlazadas.csproj", "{DA81E6CA-E935-4D09-A253-91274634807A}"
EndProject
Global
	GlobalSection(SolutionConfigurationPlatforms) = preSolution
		Debug|Any CPU = Debug|Any CPU
		Release|Any CPU = Release|Any CPU
	EndGlobalSection
	GlobalSection(ProjectConfigurationPlatforms) = postSolution
		{DA81E6CA-E935-4D09-A253-91274634807A}.Debug|Any CPU.ActiveCfg = Debug|Any CPU
		{DA81E6CA-E935-4D09-A253-91274634807A}.Debug|Any CPU.Build.0 = Debug|Any CPU
		{DA81E6CA-E935-4D09-A253-91274634807A}.Release|Any CPU.ActiveCfg = Release|Any CPU
		{DA81E6CA-E935-4D09-A253-91274634807A}.Release|Any CPU.Build.0 = Release|Any CPU
	EndGlobalSection
	GlobalSection(SolutionProperties) = preSolution
		HideSolutionNode = FALSE
	EndGlobalSection
	GlobalSection(ExtensibilityGlobals) = postSolution
		SolutionGuid = {4A90E8AE-1369-4329-A78E-3B0C697186EE}
	EndGlobalSection
EndGlobal
