
Microsoft Visual Studio Solution File, Format Version 12.00
# Visual Studio Version 16
VisualStudioVersion = 16.0.30717.126
MinimumVisualStudioVersion = 10.0.40219.1
Project("{FAE04EC0-301F-11D3-BF4B-00C04F79EFBC}") = "Sala_espera", "Sala_espera.csproj", "{00616FB2-A6BB-4BDB-9093-4A4584529EC0}"
EndProject
Global
	GlobalSection(SolutionConfigurationPlatforms) = preSolution
		Debug|Any CPU = Debug|Any CPU
		Release|Any CPU = Release|Any CPU
	EndGlobalSection
	GlobalSection(ProjectConfigurationPlatforms) = postSolution
		{00616FB2-A6BB-4BDB-9093-4A4584529EC0}.Debug|Any CPU.ActiveCfg = Debug|Any CPU
		{00616FB2-A6BB-4BDB-9093-4A4584529EC0}.Debug|Any CPU.Build.0 = Debug|Any CPU
		{00616FB2-A6BB-4BDB-9093-4A4584529EC0}.Release|Any CPU.ActiveCfg = Release|Any CPU
		{00616FB2-A6BB-4BDB-9093-4A4584529EC0}.Release|Any CPU.Build.0 = Release|Any CPU
	EndGlobalSection
	GlobalSection(SolutionProperties) = preSolution
		HideSolutionNode = FALSE
	EndGlobalSection
	GlobalSection(ExtensibilityGlobals) = postSolution
		SolutionGuid = {765780E4-D73D-42A0-BE6B-C7BE10D8FE9A}
	EndGlobalSection
EndGlobal
