
Microsoft Visual Studio Solution File, Format Version 12.00
# Visual Studio Version 16
VisualStudioVersion = 16.0.30413.136
MinimumVisualStudioVersion = 10.0.40219.1
Project("{FAE04EC0-301F-11D3-BF4B-00C04F79EFBC}") = "Verificacion_Signos_Stack", "Verificacion_Signos_Stack\Verificacion_Signos_Stack.csproj", "{0ABD74E5-8AC4-4A47-A59C-3CD0E35524FE}"
EndProject
Global
	GlobalSection(SolutionConfigurationPlatforms) = preSolution
		Debug|Any CPU = Debug|Any CPU
		Release|Any CPU = Release|Any CPU
	EndGlobalSection
	GlobalSection(ProjectConfigurationPlatforms) = postSolution
		{0ABD74E5-8AC4-4A47-A59C-3CD0E35524FE}.Debug|Any CPU.ActiveCfg = Debug|Any CPU
		{0ABD74E5-8AC4-4A47-A59C-3CD0E35524FE}.Debug|Any CPU.Build.0 = Debug|Any CPU
		{0ABD74E5-8AC4-4A47-A59C-3CD0E35524FE}.Release|Any CPU.ActiveCfg = Release|Any CPU
		{0ABD74E5-8AC4-4A47-A59C-3CD0E35524FE}.Release|Any CPU.Build.0 = Release|Any CPU
	EndGlobalSection
	GlobalSection(SolutionProperties) = preSolution
		HideSolutionNode = FALSE
	EndGlobalSection
	GlobalSection(ExtensibilityGlobals) = postSolution
		SolutionGuid = {A3ACB01D-3380-4C3D-AA5C-6471698A9C9E}
	EndGlobalSection
EndGlobal
