
Microsoft Visual Studio Solution File, Format Version 12.00
# Visual Studio Version 16
VisualStudioVersion = 16.0.30621.155
MinimumVisualStudioVersion = 10.0.40219.1
Project("{FAE04EC0-301F-11D3-BF4B-00C04F79EFBC}") = "Arbol_binario", "Arbol_binario.csproj", "{3AA6C9A4-AFC1-485B-BD6D-A4FF735E313D}"
EndProject
Global
	GlobalSection(SolutionConfigurationPlatforms) = preSolution
		Debug|Any CPU = Debug|Any CPU
		Release|Any CPU = Release|Any CPU
	EndGlobalSection
	GlobalSection(ProjectConfigurationPlatforms) = postSolution
		{3AA6C9A4-AFC1-485B-BD6D-A4FF735E313D}.Debug|Any CPU.ActiveCfg = Debug|Any CPU
		{3AA6C9A4-AFC1-485B-BD6D-A4FF735E313D}.Debug|Any CPU.Build.0 = Debug|Any CPU
		{3AA6C9A4-AFC1-485B-BD6D-A4FF735E313D}.Release|Any CPU.ActiveCfg = Release|Any CPU
		{3AA6C9A4-AFC1-485B-BD6D-A4FF735E313D}.Release|Any CPU.Build.0 = Release|Any CPU
	EndGlobalSection
	GlobalSection(SolutionProperties) = preSolution
		HideSolutionNode = FALSE
	EndGlobalSection
	GlobalSection(ExtensibilityGlobals) = postSolution
		SolutionGuid = {7404C691-6724-4FB6-87EE-2E3868350054}
	EndGlobalSection
EndGlobal
