
Microsoft Visual Studio Solution File, Format Version 12.00
# Visual Studio Version 16
VisualStudioVersion = 16.0.30517.126
MinimumVisualStudioVersion = 10.0.40219.1
Project("{FAE04EC0-301F-11D3-BF4B-00C04F79EFBC}") = "Ejercicio_Otro_Paralelo", "Ejercicio_Otro_Paralelo\Ejercicio_Otro_Paralelo.csproj", "{3A55416B-53FA-42D8-A37D-16B723A3BADD}"
EndProject
Global
	GlobalSection(SolutionConfigurationPlatforms) = preSolution
		Debug|Any CPU = Debug|Any CPU
		Release|Any CPU = Release|Any CPU
	EndGlobalSection
	GlobalSection(ProjectConfigurationPlatforms) = postSolution
		{3A55416B-53FA-42D8-A37D-16B723A3BADD}.Debug|Any CPU.ActiveCfg = Debug|Any CPU
		{3A55416B-53FA-42D8-A37D-16B723A3BADD}.Debug|Any CPU.Build.0 = Debug|Any CPU
		{3A55416B-53FA-42D8-A37D-16B723A3BADD}.Release|Any CPU.ActiveCfg = Release|Any CPU
		{3A55416B-53FA-42D8-A37D-16B723A3BADD}.Release|Any CPU.Build.0 = Release|Any CPU
	EndGlobalSection
	GlobalSection(SolutionProperties) = preSolution
		HideSolutionNode = FALSE
	EndGlobalSection
	GlobalSection(ExtensibilityGlobals) = postSolution
		SolutionGuid = {661DAB79-2EBD-4A33-95DA-A24F5BA35148}
	EndGlobalSection
EndGlobal
