
Microsoft Visual Studio Solution File, Format Version 12.00
# Visual Studio Version 16
VisualStudioVersion = 16.0.30621.155
MinimumVisualStudioVersion = 10.0.40219.1
Project("{FAE04EC0-301F-11D3-BF4B-00C04F79EFBC}") = "Cambio_de_base_recursivo", "Cambio_de_base_recursivo.csproj", "{B37BB7D8-7A58-4F19-9054-7F747088C80B}"
EndProject
Global
	GlobalSection(SolutionConfigurationPlatforms) = preSolution
		Debug|Any CPU = Debug|Any CPU
		Release|Any CPU = Release|Any CPU
	EndGlobalSection
	GlobalSection(ProjectConfigurationPlatforms) = postSolution
		{B37BB7D8-7A58-4F19-9054-7F747088C80B}.Debug|Any CPU.ActiveCfg = Debug|Any CPU
		{B37BB7D8-7A58-4F19-9054-7F747088C80B}.Debug|Any CPU.Build.0 = Debug|Any CPU
		{B37BB7D8-7A58-4F19-9054-7F747088C80B}.Release|Any CPU.ActiveCfg = Release|Any CPU
		{B37BB7D8-7A58-4F19-9054-7F747088C80B}.Release|Any CPU.Build.0 = Release|Any CPU
	EndGlobalSection
	GlobalSection(SolutionProperties) = preSolution
		HideSolutionNode = FALSE
	EndGlobalSection
	GlobalSection(ExtensibilityGlobals) = postSolution
		SolutionGuid = {F697C64B-B0FA-4C60-BFCB-E3558D23F45A}
	EndGlobalSection
EndGlobal
