
Microsoft Visual Studio Solution File, Format Version 12.00
# Visual Studio Version 16
VisualStudioVersion = 16.0.29806.167
MinimumVisualStudioVersion = 10.0.40219.1
Project("{FAE04EC0-301F-11D3-BF4B-00C04F79EFBC}") = "Serie_Videojuego", "Serie_Videojuego\Serie_Videojuego.csproj", "{5598EDD1-B6A6-407A-A790-C39426FB51C7}"
EndProject
Global
	GlobalSection(SolutionConfigurationPlatforms) = preSolution
		Debug|Any CPU = Debug|Any CPU
		Release|Any CPU = Release|Any CPU
	EndGlobalSection
	GlobalSection(ProjectConfigurationPlatforms) = postSolution
		{5598EDD1-B6A6-407A-A790-C39426FB51C7}.Debug|Any CPU.ActiveCfg = Debug|Any CPU
		{5598EDD1-B6A6-407A-A790-C39426FB51C7}.Debug|Any CPU.Build.0 = Debug|Any CPU
		{5598EDD1-B6A6-407A-A790-C39426FB51C7}.Release|Any CPU.ActiveCfg = Release|Any CPU
		{5598EDD1-B6A6-407A-A790-C39426FB51C7}.Release|Any CPU.Build.0 = Release|Any CPU
	EndGlobalSection
	GlobalSection(SolutionProperties) = preSolution
		HideSolutionNode = FALSE
	EndGlobalSection
	GlobalSection(ExtensibilityGlobals) = postSolution
		SolutionGuid = {A34501CC-500F-4FCF-9217-D6D44F0EF1EB}
	EndGlobalSection
EndGlobal
